// !$*UTF8*$!
{
	archiveVersion = 1;
	classes = {
	};
	objectVersion = 48;
	objects = {

/* Begin PBXBuildFile section */
		6D36AF0E21677B3A0023303E /* AppDelegate.swift in Sources */ = {isa = PBXBuildFile; fileRef = 6D36AF0D21677B3A0023303E /* AppDelegate.swift */; };
		6D36AF1021677B3A0023303E /* ViewController.swift in Sources */ = {isa = PBXBuildFile; fileRef = 6D36AF0F21677B3A0023303E /* ViewController.swift */; };
		6D36AF1321677B3A0023303E /* Main.storyboard in Resources */ = {isa = PBXBuildFile; fileRef = 6D36AF1121677B3A0023303E /* Main.storyboard */; };
		6D36AF1521677B3A0023303E /* Assets.xcassets in Resources */ = {isa = PBXBuildFile; fileRef = 6D36AF1421677B3A0023303E /* Assets.xcassets */; };
		6D36AF1821677B3A0023303E /* LaunchScreen.storyboard in Resources */ = {isa = PBXBuildFile; fileRef = 6D36AF1621677B3A0023303E /* LaunchScreen.storyboard */; };
		6D36AF2621679D570023303E /* CollectionViewCell.swift in Sources */ = {isa = PBXBuildFile; fileRef = 6D36AF2521679D570023303E /* CollectionViewCell.swift */; };
		6D36AF2B2167B6350023303E /* info.swift in Sources */ = {isa = PBXBuildFile; fileRef = 6D36AF2A2167B6350023303E /* info.swift */; };
		6D36AF2D2167CF1E0023303E /* scrolImageViewController.swift in Sources */ = {isa = PBXBuildFile; fileRef = 6D36AF2C2167CF1E0023303E /* scrolImageViewController.swift */; };
/* End PBXBuildFile section */

/* Begin PBXFileReference section */
		6D36AF0A21677B3A0023303E /* Pictures_pro.app */ = {isa = PBXFileReference; explicitFileType = wrapper.application; includeInIndex = 0; path = Pictures_pro.app; sourceTree = BUILT_PRODUCTS_DIR; };
		6D36AF0D21677B3A0023303E /* AppDelegate.swift */ = {isa = PBXFileReference; lastKnownFileType = sourcecode.swift; path = AppDelegate.swift; sourceTree = "<group>"; };
		6D36AF0F21677B3A0023303E /* ViewController.swift */ = {isa = PBXFileReference; lastKnownFileType = sourcecode.swift; path = ViewController.swift; sourceTree = "<group>"; };
		6D36AF1221677B3A0023303E /* Base */ = {isa = PBXFileReference; lastKnownFileType = file.storyboard; name = Base; path = Base.lproj/Main.storyboard; sourceTree = "<group>"; };
		6D36AF1421677B3A0023303E /* Assets.xcassets */ = {isa = PBXFileReference; lastKnownFileType = folder.assetcatalog; path = Assets.xcassets; sourceTree = "<group>"; };
		6D36AF1721677B3A0023303E /* Base */ = {isa = PBXFileReference; lastKnownFileType = file.storyboard; name = Base; path = Base.lproj/LaunchScreen.storyboard; sourceTree = "<group>"; };
		6D36AF1921677B3A0023303E /* Info.plist */ = {isa = PBXFileReference; lastKnownFileType = text.plist.xml; path = Info.plist; sourceTree = "<group>"; };
		6D36AF2521679D570023303E /* CollectionViewCell.swift */ = {isa = PBXFileReference; lastKnownFileType = sourcecode.swift; path = CollectionViewCell.swift; sourceTree = "<group>"; };
		6D36AF2A2167B6350023303E /* info.swift */ = {isa = PBXFileReference; lastKnownFileType = sourcecode.swift; path = info.swift; sourceTree = "<group>"; };
		6D36AF2C2167CF1E0023303E /* scrolImageViewController.swift */ = {isa = PBXFileReference; lastKnownFileType = sourcecode.swift; path = scrolImageViewController.swift; sourceTree = "<group>"; };
/* End PBXFileReference section */

/* Begin PBXFrameworksBuildPhase section */
		6D36AF0721677B3A0023303E /* Frameworks */ = {
			isa = PBXFrameworksBuildPhase;
			buildActionMask = 2147483647;
			files = (
			);
			runOnlyForDeploymentPostprocessing = 0;
		};
/* End PBXFrameworksBuildPhase section */

/* Begin PBXGroup section */
		6D36AF0121677B3A0023303E = {
			isa = PBXGroup;
			children = (
				6D36AF0C21677B3A0023303E /* Pictures_pro */,
				6D36AF0B21677B3A0023303E /* Products */,
			);
			sourceTree = "<group>";
		};
		6D36AF0B21677B3A0023303E /* Products */ = {
			isa = PBXGroup;
			children = (
				6D36AF0A21677B3A0023303E /* Pictures_pro.app */,
			);
			name = Products;
			sourceTree = "<group>";
		};
		6D36AF0C21677B3A0023303E /* Pictures_pro */ = {
			isa = PBXGroup;
			children = (
				6D36AF0D21677B3A0023303E /* AppDelegate.swift */,
				6D36AF2221679B450023303E /* View */,
				6D36AF1F21679A930023303E /* Controller */,
				6D36AF1121677B3A0023303E /* Main.storyboard */,
				6D36AF292167B4C40023303E /* Data */,
				6D36AF1421677B3A0023303E /* Assets.xcassets */,
				6D36AF1621677B3A0023303E /* LaunchScreen.storyboard */,
				6D36AF1921677B3A0023303E /* Info.plist */,
			);
			path = Pictures_pro;
			sourceTree = "<group>";
		};
		6D36AF1F21679A930023303E /* Controller */ = {
			isa = PBXGroup;
			children = (
				6D36AF0F21677B3A0023303E /* ViewController.swift */,
				6D36AF2C2167CF1E0023303E /* scrolImageViewController.swift */,
			);
			path = Controller;
			sourceTree = "<group>";
		};
		6D36AF2221679B450023303E /* View */ = {
			isa = PBXGroup;
			children = (
				6D36AF2521679D570023303E /* CollectionViewCell.swift */,
			);
			path = View;
			sourceTree = "<group>";
		};
		6D36AF292167B4C40023303E /* Data */ = {
			isa = PBXGroup;
			children = (
				6D36AF2A2167B6350023303E /* info.swift */,
			);
			path = Data;
			sourceTree = "<group>";
		};
/* End PBXGroup section */

/* Begin PBXNativeTarget section */
		6D36AF0921677B3A0023303E /* Pictures_pro */ = {
			isa = PBXNativeTarget;
			buildConfigurationList = 6D36AF1C21677B3A0023303E /* Build configuration list for PBXNativeTarget "Pictures_pro" */;
			buildPhases = (
				6D36AF0621677B3A0023303E /* Sources */,
				6D36AF0721677B3A0023303E /* Frameworks */,
				6D36AF0821677B3A0023303E /* Resources */,
			);
			buildRules = (
			);
			dependencies = (
			);
			name = Pictures_pro;
			productName = Pictures_pro;
			productReference = 6D36AF0A21677B3A0023303E /* Pictures_pro.app */;
			productType = "com.apple.product-type.application";
		};
/* End PBXNativeTarget section */

/* Begin PBXProject section */
		6D36AF0221677B3A0023303E /* Project object */ = {
			isa = PBXProject;
			attributes = {
				LastSwiftUpdateCheck = 0920;
				LastUpgradeCheck = 0920;
				ORGANIZATIONNAME = "Ivan SELETSKYI";
				TargetAttributes = {
					6D36AF0921677B3A0023303E = {
						CreatedOnToolsVersion = 9.2;
						ProvisioningStyle = Automatic;
					};
				};
			};
			buildConfigurationList = 6D36AF0521677B3A0023303E /* Build configuration list for PBXProject "Pictures_pro" */;
			compatibilityVersion = "Xcode 8.0";
			developmentRegion = en;
			hasScannedForEncodings = 0;
			knownRegions = (
				en,
				Base,
			);
			mainGroup = 6D36AF0121677B3A0023303E;
			productRefGroup = 6D36AF0B21677B3A0023303E /* Products */;
			projectDirPath = "";
			projectRoot = "";
			targets = (
				6D36AF0921677B3A0023303E /* Pictures_pro */,
			);
		};
/* End PBXProject section */

/* Begin PBXResourcesBuildPhase section */
		6D36AF0821677B3A0023303E /* Resources */ = {
			isa = PBXResourcesBuildPhase;
			buildActionMask = 2147483647;
			files = (
				6D36AF1821677B3A0023303E /* LaunchScreen.storyboard in Resources */,
				6D36AF1521677B3A0023303E /* Assets.xcassets in Resources */,
				6D36AF1321677B3A0023303E /* Main.storyboard in Resources */,
			);
			runOnlyForDeploymentPostprocessing = 0;
		};
/* End PBXResourcesBuildPhase section */

/* Begin PBXSourcesBuildPhase section */
		6D36AF0621677B3A0023303E /* Sources */ = {
			isa = PBXSourcesBuildPhase;
			buildActionMask = 2147483647;
			files = (
				6D36AF1021677B3A0023303E /* ViewController.swift in Sources */,
				6D36AF2B2167B6350023303E /* info.swift in Sources */,
				6D36AF0E21677B3A0023303E /* AppDelegate.swift in Sources */,
				6D36AF2D2167CF1E0023303E /* scrolImageViewController.swift in Sources */,
				6D36AF2621679D570023303E /* CollectionViewCell.swift in Sources */,
			);
			runOnlyForDeploymentPostprocessing = 0;
		};
/* End PBXSourcesBuildPhase section */

/* Begin PBXVariantGroup section */
		6D36AF1121677B3A0023303E /* Main.storyboard */ = {
			isa = PBXVariantGroup;
			children = (
				6D36AF1221677B3A0023303E /* Base */,
			);
			name = Main.storyboard;
			sourceTree = "<group>";
		};
		6D36AF1621677B3A0023303E /* LaunchScreen.storyboard */ = {
			isa = PBXVariantGroup;
			children = (
				6D36AF1721677B3A0023303E /* Base */,
			);
			name = LaunchScreen.storyboard;
			sourceTree = "<group>";
		};
/* End PBXVariantGroup section */

/* Begin XCBuildConfiguration section */
		6D36AF1A21677B3A0023303E /* Debug */ = {
			isa = XCBuildConfiguration;
			buildSettings = {
				ALWAYS_SEARCH_USER_PATHS = NO;
				CLANG_ANALYZER_NONNULL = YES;
				CLANG_ANALYZER_NUMBER_OBJECT_CONVERSION = YES_AGGRESSIVE;
				CLANG_CXX_LANGUAGE_STANDARD = "gnu++14";
				CLANG_CXX_LIBRARY = "libc++";
				CLANG_ENABLE_MODULES = YES;
				CLANG_ENABLE_OBJC_ARC = YES;
				CLANG_WARN_BLOCK_CAPTURE_AUTORELEASING = YES;
				CLANG_WARN_BOOL_CONVERSION = YES;
				CLANG_WARN_COMMA = YES;
				CLANG_WARN_CONSTANT_CONVERSION = YES;
				CLANG_WARN_DIRECT_OBJC_ISA_USAGE = YES_ERROR;
				CLANG_WARN_DOCUMENTATION_COMMENTS = YES;
				CLANG_WARN_EMPTY_BODY = YES;
				CLANG_WARN_ENUM_CONVERSION = YES;
				CLANG_WARN_INFINITE_RECURSION = YES;
				CLANG_WARN_INT_CONVERSION = YES;
				CLANG_WARN_NON_LITERAL_NULL_CONVERSION = YES;
				CLANG_WARN_OBJC_LITERAL_CONVERSION = YES;
				CLANG_WARN_OBJC_ROOT_CLASS = YES_ERROR;
				CLANG_WARN_RANGE_LOOP_ANALYSIS = YES;
				CLANG_WARN_STRICT_PROTOTYPES = YES;
				CLANG_WARN_SUSPICIOUS_MOVE = YES;
				CLANG_WARN_UNGUARDED_AVAILABILITY = YES_AGGRESSIVE;
				CLANG_WARN_UNREACHABLE_CODE = YES;
				CLANG_WARN__DUPLICATE_METHOD_MATCH = YES;
				CODE_SIGN_IDENTITY = "iPhone Developer";
				COPY_PHASE_STRIP = NO;
				DEBUG_INFORMATION_FORMAT = dwarf;
				ENABLE_STRICT_OBJC_MSGSEND = YES;
				ENABLE_TESTABILITY = YES;
				GCC_C_LANGUAGE_STANDARD = gnu11;
				GCC_DYNAMIC_NO_PIC = NO;
				GCC_NO_COMMON_BLOCKS = YES;
				GCC_OPTIMIZATION_LEVEL = 0;
				GCC_PREPROCESSOR_DEFINITIONS = (
					"DEBUG=1",
					"$(inherited)",
				);
				GCC_WARN_64_TO_32_BIT_CONVERSION = YES;
				GCC_WARN_ABOUT_RETURN_TYPE = YES_ERROR;
				GCC_WARN_UNDECLARED_SELECTOR = YES;
				GCC_WARN_UNINITIALIZED_AUTOS = YES_AGGRESSIVE;
				GCC_WARN_UNUSED_FUNCTION = YES;
				GCC_WARN_UNUSED_VARIABLE = YES;
				IPHONEOS_DEPLOYMENT_TARGET = 11.2;
				MTL_ENABLE_DEBUG_INFO = YES;
				ONLY_ACTIVE_ARCH = YES;
				SDKROOT = iphoneos;
				SWIFT_ACTIVE_COMPILATION_CONDITIONS = DEBUG;
				SWIFT_OPTIMIZATION_LEVEL = "-Onone";
			};
			name = Debug;
		};
		6D36AF1B21677B3A0023303E /* Release */ = {
			isa = XCBuildConfiguration;
			buildSettings = {
				ALWAYS_SEARCH_USER_PATHS = NO;
				CLANG_ANALYZER_NONNULL = YES;
				CLANG_ANALYZER_NUMBER_OBJECT_CONVERSION = YES_AGGRESSIVE;
				CLANG_CXX_LANGUAGE_STANDARD = "gnu++14";
				CLANG_CXX_LIBRARY = "libc++";
				CLANG_ENABLE_MODULES = YES;
				CLANG_ENABLE_OBJC_ARC = YES;
				CLANG_WARN_BLOCK_CAPTURE_AUTORELEASING = YES;
				CLANG_WARN_BOOL_CONVERSION = YES;
				CLANG_WARN_COMMA = YES;
				CLANG_WARN_CONSTANT_CONVERSION = YES;
				CLANG_WARN_DIRECT_OBJC_ISA_USAGE = YES_ERROR;
				CLANG_WARN_DOCUMENTATION_COMMENTS = YES;
				CLANG_WARN_EMPTY_BODY = YES;
				CLANG_WARN_ENUM_CONVERSION = YES;
				CLANG_WARN_INFINITE_RECURSION = YES;
				CLANG_WARN_INT_CONVERSION = YES;
				CLANG_WARN_NON_LITERAL_NULL_CONVERSION = YES;
				CLANG_WARN_OBJC_LITERAL_CONVERSION = YES;
				CLANG_WARN_OBJC_ROOT_CLASS = YES_ERROR;
				CLANG_WARN_RANGE_LOOP_ANALYSIS = YES;
				CLANG_WARN_STRICT_PROTOTYPES = YES;
				CLANG_WARN_SUSPICIOUS_MOVE = YES;
				CLANG_WARN_UNGUARDED_AVAILABILITY = YES_AGGRESSIVE;
				CLANG_WARN_UNREACHABLE_CODE = YES;
				CLANG_WARN__DUPLICATE_METHOD_MATCH = YES;
				CODE_SIGN_IDENTITY = "iPhone Developer";
				COPY_PHASE_STRIP = NO;
				DEBUG_INFORMATION_FORMAT = "dwarf-with-dsym";
				ENABLE_NS_ASSERTIONS = NO;
				ENABLE_STRICT_OBJC_MSGSEND = YES;
				GCC_C_LANGUAGE_STANDARD = gnu11;
				GCC_NO_COMMON_BLOCKS = YES;
				GCC_WARN_64_TO_32_BIT_CONVERSION = YES;
				GCC_WARN_ABOUT_RETURN_TYPE = YES_ERROR;
				GCC_WARN_UNDECLARED_SELECTOR = YES;
				GCC_WARN_UNINITIALIZED_AUTOS = YES_AGGRESSIVE;
				GCC_WARN_UNUSED_FUNCTION = YES;
				GCC_WARN_UNUSED_VARIABLE = YES;
				IPHONEOS_DEPLOYMENT_TARGET = 11.2;
				MTL_ENABLE_DEBUG_INFO = NO;
				SDKROOT = iphoneos;
				SWIFT_OPTIMIZATION_LEVEL = "-Owholemodule";
				VALIDATE_PRODUCT = YES;
			};
			name = Release;
		};
		6D36AF1D21677B3A0023303E /* Debug */ = {
			isa = XCBuildConfiguration;
			buildSettings = {
				ASSETCATALOG_COMPILER_APPICON_NAME = AppIcon;
				CODE_SIGN_STYLE = Automatic;
				INFOPLIST_FILE = Pictures_pro/Info.plist;
				LD_RUNPATH_SEARCH_PATHS = "$(inherited) @executable_path/Frameworks";
				PRODUCT_BUNDLE_IDENTIFIER = "iseletsk.Pictures-pro";
				PRODUCT_NAME = "$(TARGET_NAME)";
				SWIFT_VERSION = 4.0;
				TARGETED_DEVICE_FAMILY = "1,2";
			};
			name = Debug;
		};
		6D36AF1E21677B3A0023303E /* Release */ = {
			isa = XCBuildConfiguration;
			buildSettings = {
				ASSETCATALOG_COMPILER_APPICON_NAME = AppIcon;
				CODE_SIGN_STYLE = Automatic;
				INFOPLIST_FILE = Pictures_pro/Info.plist;
				LD_RUNPATH_SEARCH_PATHS = "$(inherited) @executable_path/Frameworks";
				PRODUCT_BUNDLE_IDENTIFIER = "iseletsk.Pictures-pro";
				PRODUCT_NAME = "$(TARGET_NAME)";
				SWIFT_VERSION = 4.0;
				TARGETED_DEVICE_FAMILY = "1,2";
			};
			name = Release;
		};
/* End XCBuildConfiguration section */

/* Begin XCConfigurationList section */
		6D36AF0521677B3A0023303E /* Build configuration list for PBXProject "Pictures_pro" */ = {
			isa = XCConfigurationList;
			buildConfigurations = (
				6D36AF1A21677B3A0023303E /* Debug */,
				6D36AF1B21677B3A0023303E /* Release */,
			);
			defaultConfigurationIsVisible = 0;
			defaultConfigurationName = Release;
		};
		6D36AF1C21677B3A0023303E /* Build configuration list for PBXNativeTarget "Pictures_pro" */ = {
			isa = XCConfigurationList;
			buildConfigurations = (
				6D36AF1D21677B3A0023303E /* Debug */,
				6D36AF1E21677B3A0023303E /* Release */,
			);
			defaultConfigurationIsVisible = 0;
			defaultConfigurationName = Release;
		};
/* End XCConfigurationList section */
	};
	rootObject = 6D36AF0221677B3A0023303E /* Project object */;
}
