// !$*UTF8*$!
{
	archiveVersion = 1;
	classes = {
	};
	objectVersion = 48;
	objects = {

/* Begin PBXBuildFile section */
		6D14C6A6216950B000F3DE02 /* MessegeViewController.swift in Sources */ = {isa = PBXBuildFile; fileRef = 6D14C6A5216950B000F3DE02 /* MessegeViewController.swift */; };
		6D48B96C2169F8B600426851 /* MessageTableViewCell.swift in Sources */ = {isa = PBXBuildFile; fileRef = 6D48B96B2169F8B600426851 /* MessageTableViewCell.swift */; };
		6D48B96E216A557D00426851 /* StartViewController.swift in Sources */ = {isa = PBXBuildFile; fileRef = 6D48B96D216A557D00426851 /* StartViewController.swift */; };
		6D48B970216A68E600426851 /* AddCommentViewController.swift in Sources */ = {isa = PBXBuildFile; fileRef = 6D48B96F216A68E600426851 /* AddCommentViewController.swift */; };
		6D4A64D721692A8A00588B56 /* FirstTableViewCell.swift in Sources */ = {isa = PBXBuildFile; fileRef = 6D4A64D621692A8A00588B56 /* FirstTableViewCell.swift */; };
		6D8AF546216964750064077B /* WebViewController.swift in Sources */ = {isa = PBXBuildFile; fileRef = 6D8AF545216964750064077B /* WebViewController.swift */; };
		6D8AF548216966870064077B /* Model.swift in Sources */ = {isa = PBXBuildFile; fileRef = 6D8AF547216966870064077B /* Model.swift */; };
		6DE24E592168D16A00FA85C1 /* AppDelegate.swift in Sources */ = {isa = PBXBuildFile; fileRef = 6DE24E582168D16A00FA85C1 /* AppDelegate.swift */; };
		6DE24E5B2168D16A00FA85C1 /* ViewController.swift in Sources */ = {isa = PBXBuildFile; fileRef = 6DE24E5A2168D16A00FA85C1 /* ViewController.swift */; };
		6DE24E5E2168D16A00FA85C1 /* Main.storyboard in Resources */ = {isa = PBXBuildFile; fileRef = 6DE24E5C2168D16A00FA85C1 /* Main.storyboard */; };
		6DE24E602168D16A00FA85C1 /* Assets.xcassets in Resources */ = {isa = PBXBuildFile; fileRef = 6DE24E5F2168D16A00FA85C1 /* Assets.xcassets */; };
		6DE24E632168D16A00FA85C1 /* LaunchScreen.storyboard in Resources */ = {isa = PBXBuildFile; fileRef = 6DE24E612168D16A00FA85C1 /* LaunchScreen.storyboard */; };
/* End PBXBuildFile section */

/* Begin PBXFileReference section */
		6D14C6A5216950B000F3DE02 /* MessegeViewController.swift */ = {isa = PBXFileReference; lastKnownFileType = sourcecode.swift; path = MessegeViewController.swift; sourceTree = "<group>"; };
		6D48B96B2169F8B600426851 /* MessageTableViewCell.swift */ = {isa = PBXFileReference; lastKnownFileType = sourcecode.swift; path = MessageTableViewCell.swift; sourceTree = "<group>"; };
		6D48B96D216A557D00426851 /* StartViewController.swift */ = {isa = PBXFileReference; lastKnownFileType = sourcecode.swift; path = StartViewController.swift; sourceTree = "<group>"; };
		6D48B96F216A68E600426851 /* AddCommentViewController.swift */ = {isa = PBXFileReference; lastKnownFileType = sourcecode.swift; path = AddCommentViewController.swift; sourceTree = "<group>"; };
		6D4A64D621692A8A00588B56 /* FirstTableViewCell.swift */ = {isa = PBXFileReference; lastKnownFileType = sourcecode.swift; path = FirstTableViewCell.swift; sourceTree = "<group>"; };
		6D8AF545216964750064077B /* WebViewController.swift */ = {isa = PBXFileReference; lastKnownFileType = sourcecode.swift; path = WebViewController.swift; sourceTree = "<group>"; };
		6D8AF547216966870064077B /* Model.swift */ = {isa = PBXFileReference; lastKnownFileType = sourcecode.swift; path = Model.swift; sourceTree = "<group>"; };
		6DE24E552168D16A00FA85C1 /* Swift_Rush00.app */ = {isa = PBXFileReference; explicitFileType = wrapper.application; includeInIndex = 0; path = Swift_Rush00.app; sourceTree = BUILT_PRODUCTS_DIR; };
		6DE24E582168D16A00FA85C1 /* AppDelegate.swift */ = {isa = PBXFileReference; lastKnownFileType = sourcecode.swift; path = AppDelegate.swift; sourceTree = "<group>"; };
		6DE24E5A2168D16A00FA85C1 /* ViewController.swift */ = {isa = PBXFileReference; lastKnownFileType = sourcecode.swift; path = ViewController.swift; sourceTree = "<group>"; };
		6DE24E5D2168D16A00FA85C1 /* Base */ = {isa = PBXFileReference; lastKnownFileType = file.storyboard; name = Base; path = Base.lproj/Main.storyboard; sourceTree = "<group>"; };
		6DE24E5F2168D16A00FA85C1 /* Assets.xcassets */ = {isa = PBXFileReference; lastKnownFileType = folder.assetcatalog; path = Assets.xcassets; sourceTree = "<group>"; };
		6DE24E622168D16A00FA85C1 /* Base */ = {isa = PBXFileReference; lastKnownFileType = file.storyboard; name = Base; path = Base.lproj/LaunchScreen.storyboard; sourceTree = "<group>"; };
		6DE24E642168D16A00FA85C1 /* Info.plist */ = {isa = PBXFileReference; lastKnownFileType = text.plist.xml; path = Info.plist; sourceTree = "<group>"; };
/* End PBXFileReference section */

/* Begin PBXFrameworksBuildPhase section */
		6DE24E522168D16A00FA85C1 /* Frameworks */ = {
			isa = PBXFrameworksBuildPhase;
			buildActionMask = 2147483647;
			files = (
			);
			runOnlyForDeploymentPostprocessing = 0;
		};
/* End PBXFrameworksBuildPhase section */

/* Begin PBXGroup section */
		6D4A64D821692A9400588B56 /* Controller */ = {
			isa = PBXGroup;
			children = (
				6D48B96F216A68E600426851 /* AddCommentViewController.swift */,
				6D48B96D216A557D00426851 /* StartViewController.swift */,
				6D8AF545216964750064077B /* WebViewController.swift */,
				6DE24E5A2168D16A00FA85C1 /* ViewController.swift */,
				6D14C6A5216950B000F3DE02 /* MessegeViewController.swift */,
			);
			path = Controller;
			sourceTree = "<group>";
		};
		6D4A64D921692AA400588B56 /* Cell */ = {
			isa = PBXGroup;
			children = (
				6D48B96B2169F8B600426851 /* MessageTableViewCell.swift */,
				6D4A64D621692A8A00588B56 /* FirstTableViewCell.swift */,
			);
			path = Cell;
			sourceTree = "<group>";
		};
		6D8AF5492169668D0064077B /* Model */ = {
			isa = PBXGroup;
			children = (
				6D8AF547216966870064077B /* Model.swift */,
			);
			path = Model;
			sourceTree = "<group>";
		};
		6DE24E4C2168D16A00FA85C1 = {
			isa = PBXGroup;
			children = (
				6DE24E572168D16A00FA85C1 /* Swift_Rush00 */,
				6DE24E562168D16A00FA85C1 /* Products */,
			);
			sourceTree = "<group>";
		};
		6DE24E562168D16A00FA85C1 /* Products */ = {
			isa = PBXGroup;
			children = (
				6DE24E552168D16A00FA85C1 /* Swift_Rush00.app */,
			);
			name = Products;
			sourceTree = "<group>";
		};
		6DE24E572168D16A00FA85C1 /* Swift_Rush00 */ = {
			isa = PBXGroup;
			children = (
				6DE24E582168D16A00FA85C1 /* AppDelegate.swift */,
				6D4A64D921692AA400588B56 /* Cell */,
				6D4A64D821692A9400588B56 /* Controller */,
				6DE24E5C2168D16A00FA85C1 /* Main.storyboard */,
				6D8AF5492169668D0064077B /* Model */,
				6DE24E5F2168D16A00FA85C1 /* Assets.xcassets */,
				6DE24E612168D16A00FA85C1 /* LaunchScreen.storyboard */,
				6DE24E642168D16A00FA85C1 /* Info.plist */,
			);
			path = Swift_Rush00;
			sourceTree = "<group>";
		};
/* End PBXGroup section */

/* Begin PBXNativeTarget section */
		6DE24E542168D16A00FA85C1 /* Swift_Rush00 */ = {
			isa = PBXNativeTarget;
			buildConfigurationList = 6DE24E672168D16A00FA85C1 /* Build configuration list for PBXNativeTarget "Swift_Rush00" */;
			buildPhases = (
				6DE24E512168D16A00FA85C1 /* Sources */,
				6DE24E522168D16A00FA85C1 /* Frameworks */,
				6DE24E532168D16A00FA85C1 /* Resources */,
			);
			buildRules = (
			);
			dependencies = (
			);
			name = Swift_Rush00;
			productName = Swift_Rush00;
			productReference = 6DE24E552168D16A00FA85C1 /* Swift_Rush00.app */;
			productType = "com.apple.product-type.application";
		};
/* End PBXNativeTarget section */

/* Begin PBXProject section */
		6DE24E4D2168D16A00FA85C1 /* Project object */ = {
			isa = PBXProject;
			attributes = {
				LastSwiftUpdateCheck = 0920;
				LastUpgradeCheck = 0920;
				ORGANIZATIONNAME = "Ivan SELETSKYI";
				TargetAttributes = {
					6DE24E542168D16A00FA85C1 = {
						CreatedOnToolsVersion = 9.2;
						ProvisioningStyle = Automatic;
					};
				};
			};
			buildConfigurationList = 6DE24E502168D16A00FA85C1 /* Build configuration list for PBXProject "Swift_Rush00" */;
			compatibilityVersion = "Xcode 8.0";
			developmentRegion = en;
			hasScannedForEncodings = 0;
			knownRegions = (
				en,
				Base,
			);
			mainGroup = 6DE24E4C2168D16A00FA85C1;
			productRefGroup = 6DE24E562168D16A00FA85C1 /* Products */;
			projectDirPath = "";
			projectRoot = "";
			targets = (
				6DE24E542168D16A00FA85C1 /* Swift_Rush00 */,
			);
		};
/* End PBXProject section */

/* Begin PBXResourcesBuildPhase section */
		6DE24E532168D16A00FA85C1 /* Resources */ = {
			isa = PBXResourcesBuildPhase;
			buildActionMask = 2147483647;
			files = (
				6DE24E632168D16A00FA85C1 /* LaunchScreen.storyboard in Resources */,
				6DE24E602168D16A00FA85C1 /* Assets.xcassets in Resources */,
				6DE24E5E2168D16A00FA85C1 /* Main.storyboard in Resources */,
			);
			runOnlyForDeploymentPostprocessing = 0;
		};
/* End PBXResourcesBuildPhase section */

/* Begin PBXSourcesBuildPhase section */
		6DE24E512168D16A00FA85C1 /* Sources */ = {
			isa = PBXSourcesBuildPhase;
			buildActionMask = 2147483647;
			files = (
				6D48B96C2169F8B600426851 /* MessageTableViewCell.swift in Sources */,
				6D48B970216A68E600426851 /* AddCommentViewController.swift in Sources */,
				6D48B96E216A557D00426851 /* StartViewController.swift in Sources */,
				6D4A64D721692A8A00588B56 /* FirstTableViewCell.swift in Sources */,
				6DE24E5B2168D16A00FA85C1 /* ViewController.swift in Sources */,
				6D14C6A6216950B000F3DE02 /* MessegeViewController.swift in Sources */,
				6D8AF548216966870064077B /* Model.swift in Sources */,
				6D8AF546216964750064077B /* WebViewController.swift in Sources */,
				6DE24E592168D16A00FA85C1 /* AppDelegate.swift in Sources */,
			);
			runOnlyForDeploymentPostprocessing = 0;
		};
/* End PBXSourcesBuildPhase section */

/* Begin PBXVariantGroup section */
		6DE24E5C2168D16A00FA85C1 /* Main.storyboard */ = {
			isa = PBXVariantGroup;
			children = (
				6DE24E5D2168D16A00FA85C1 /* Base */,
			);
			name = Main.storyboard;
			sourceTree = "<group>";
		};
		6DE24E612168D16A00FA85C1 /* LaunchScreen.storyboard */ = {
			isa = PBXVariantGroup;
			children = (
				6DE24E622168D16A00FA85C1 /* Base */,
			);
			name = LaunchScreen.storyboard;
			sourceTree = "<group>";
		};
/* End PBXVariantGroup section */

/* Begin XCBuildConfiguration section */
		6DE24E652168D16A00FA85C1 /* Debug */ = {
			isa = XCBuildConfiguration;
			buildSettings = {
				ALWAYS_SEARCH_USER_PATHS = NO;
				CLANG_ANALYZER_NONNULL = YES;
				CLANG_ANALYZER_NUMBER_OBJECT_CONVERSION = YES_AGGRESSIVE;
				CLANG_CXX_LANGUAGE_STANDARD = "gnu++14";
				CLANG_CXX_LIBRARY = "libc++";
				CLANG_ENABLE_MODULES = YES;
				CLANG_ENABLE_OBJC_ARC = YES;
				CLANG_WARN_BLOCK_CAPTURE_AUTORELEASING = YES;
				CLANG_WARN_BOOL_CONVERSION = YES;
				CLANG_WARN_COMMA = YES;
				CLANG_WARN_CONSTANT_CONVERSION = YES;
				CLANG_WARN_DIRECT_OBJC_ISA_USAGE = YES_ERROR;
				CLANG_WARN_DOCUMENTATION_COMMENTS = YES;
				CLANG_WARN_EMPTY_BODY = YES;
				CLANG_WARN_ENUM_CONVERSION = YES;
				CLANG_WARN_INFINITE_RECURSION = YES;
				CLANG_WARN_INT_CONVERSION = YES;
				CLANG_WARN_NON_LITERAL_NULL_CONVERSION = YES;
				CLANG_WARN_OBJC_LITERAL_CONVERSION = YES;
				CLANG_WARN_OBJC_ROOT_CLASS = YES_ERROR;
				CLANG_WARN_RANGE_LOOP_ANALYSIS = YES;
				CLANG_WARN_STRICT_PROTOTYPES = YES;
				CLANG_WARN_SUSPICIOUS_MOVE = YES;
				CLANG_WARN_UNGUARDED_AVAILABILITY = YES_AGGRESSIVE;
				CLANG_WARN_UNREACHABLE_CODE = YES;
				CLANG_WARN__DUPLICATE_METHOD_MATCH = YES;
				CODE_SIGN_IDENTITY = "iPhone Developer";
				COPY_PHASE_STRIP = NO;
				DEBUG_INFORMATION_FORMAT = dwarf;
				ENABLE_STRICT_OBJC_MSGSEND = YES;
				ENABLE_TESTABILITY = YES;
				GCC_C_LANGUAGE_STANDARD = gnu11;
				GCC_DYNAMIC_NO_PIC = NO;
				GCC_NO_COMMON_BLOCKS = YES;
				GCC_OPTIMIZATION_LEVEL = 0;
				GCC_PREPROCESSOR_DEFINITIONS = (
					"DEBUG=1",
					"$(inherited)",
				);
				GCC_WARN_64_TO_32_BIT_CONVERSION = YES;
				GCC_WARN_ABOUT_RETURN_TYPE = YES_ERROR;
				GCC_WARN_UNDECLARED_SELECTOR = YES;
				GCC_WARN_UNINITIALIZED_AUTOS = YES_AGGRESSIVE;
				GCC_WARN_UNUSED_FUNCTION = YES;
				GCC_WARN_UNUSED_VARIABLE = YES;
				IPHONEOS_DEPLOYMENT_TARGET = 11.2;
				MTL_ENABLE_DEBUG_INFO = YES;
				ONLY_ACTIVE_ARCH = YES;
				SDKROOT = iphoneos;
				SWIFT_ACTIVE_COMPILATION_CONDITIONS = DEBUG;
				SWIFT_OPTIMIZATION_LEVEL = "-Onone";
			};
			name = Debug;
		};
		6DE24E662168D16A00FA85C1 /* Release */ = {
			isa = XCBuildConfiguration;
			buildSettings = {
				ALWAYS_SEARCH_USER_PATHS = NO;
				CLANG_ANALYZER_NONNULL = YES;
				CLANG_ANALYZER_NUMBER_OBJECT_CONVERSION = YES_AGGRESSIVE;
				CLANG_CXX_LANGUAGE_STANDARD = "gnu++14";
				CLANG_CXX_LIBRARY = "libc++";
				CLANG_ENABLE_MODULES = YES;
				CLANG_ENABLE_OBJC_ARC = YES;
				CLANG_WARN_BLOCK_CAPTURE_AUTORELEASING = YES;
				CLANG_WARN_BOOL_CONVERSION = YES;
				CLANG_WARN_COMMA = YES;
				CLANG_WARN_CONSTANT_CONVERSION = YES;
				CLANG_WARN_DIRECT_OBJC_ISA_USAGE = YES_ERROR;
				CLANG_WARN_DOCUMENTATION_COMMENTS = YES;
				CLANG_WARN_EMPTY_BODY = YES;
				CLANG_WARN_ENUM_CONVERSION = YES;
				CLANG_WARN_INFINITE_RECURSION = YES;
				CLANG_WARN_INT_CONVERSION = YES;
				CLANG_WARN_NON_LITERAL_NULL_CONVERSION = YES;
				CLANG_WARN_OBJC_LITERAL_CONVERSION = YES;
				CLANG_WARN_OBJC_ROOT_CLASS = YES_ERROR;
				CLANG_WARN_RANGE_LOOP_ANALYSIS = YES;
				CLANG_WARN_STRICT_PROTOTYPES = YES;
				CLANG_WARN_SUSPICIOUS_MOVE = YES;
				CLANG_WARN_UNGUARDED_AVAILABILITY = YES_AGGRESSIVE;
				CLANG_WARN_UNREACHABLE_CODE = YES;
				CLANG_WARN__DUPLICATE_METHOD_MATCH = YES;
				CODE_SIGN_IDENTITY = "iPhone Developer";
				COPY_PHASE_STRIP = NO;
				DEBUG_INFORMATION_FORMAT = "dwarf-with-dsym";
				ENABLE_NS_ASSERTIONS = NO;
				ENABLE_STRICT_OBJC_MSGSEND = YES;
				GCC_C_LANGUAGE_STANDARD = gnu11;
				GCC_NO_COMMON_BLOCKS = YES;
				GCC_WARN_64_TO_32_BIT_CONVERSION = YES;
				GCC_WARN_ABOUT_RETURN_TYPE = YES_ERROR;
				GCC_WARN_UNDECLARED_SELECTOR = YES;
				GCC_WARN_UNINITIALIZED_AUTOS = YES_AGGRESSIVE;
				GCC_WARN_UNUSED_FUNCTION = YES;
				GCC_WARN_UNUSED_VARIABLE = YES;
				IPHONEOS_DEPLOYMENT_TARGET = 11.2;
				MTL_ENABLE_DEBUG_INFO = NO;
				SDKROOT = iphoneos;
				SWIFT_OPTIMIZATION_LEVEL = "-Owholemodule";
				VALIDATE_PRODUCT = YES;
			};
			name = Release;
		};
		6DE24E682168D16A00FA85C1 /* Debug */ = {
			isa = XCBuildConfiguration;
			buildSettings = {
				ASSETCATALOG_COMPILER_APPICON_NAME = AppIcon;
				CODE_SIGN_STYLE = Automatic;
				INFOPLIST_FILE = Swift_Rush00/Info.plist;
				LD_RUNPATH_SEARCH_PATHS = "$(inherited) @executable_path/Frameworks";
				PRODUCT_BUNDLE_IDENTIFIER = "iseletsk.Swift-Rush00";
				PRODUCT_NAME = "$(TARGET_NAME)";
				SWIFT_VERSION = 4.0;
				TARGETED_DEVICE_FAMILY = "1,2";
			};
			name = Debug;
		};
		6DE24E692168D16A00FA85C1 /* Release */ = {
			isa = XCBuildConfiguration;
			buildSettings = {
				ASSETCATALOG_COMPILER_APPICON_NAME = AppIcon;
				CODE_SIGN_STYLE = Automatic;
				INFOPLIST_FILE = Swift_Rush00/Info.plist;
				LD_RUNPATH_SEARCH_PATHS = "$(inherited) @executable_path/Frameworks";
				PRODUCT_BUNDLE_IDENTIFIER = "iseletsk.Swift-Rush00";
				PRODUCT_NAME = "$(TARGET_NAME)";
				SWIFT_VERSION = 4.0;
				TARGETED_DEVICE_FAMILY = "1,2";
			};
			name = Release;
		};
/* End XCBuildConfiguration section */

/* Begin XCConfigurationList section */
		6DE24E502168D16A00FA85C1 /* Build configuration list for PBXProject "Swift_Rush00" */ = {
			isa = XCConfigurationList;
			buildConfigurations = (
				6DE24E652168D16A00FA85C1 /* Debug */,
				6DE24E662168D16A00FA85C1 /* Release */,
			);
			defaultConfigurationIsVisible = 0;
			defaultConfigurationName = Release;
		};
		6DE24E672168D16A00FA85C1 /* Build configuration list for PBXNativeTarget "Swift_Rush00" */ = {
			isa = XCConfigurationList;
			buildConfigurations = (
				6DE24E682168D16A00FA85C1 /* Debug */,
				6DE24E692168D16A00FA85C1 /* Release */,
			);
			defaultConfigurationIsVisible = 0;
			defaultConfigurationName = Release;
		};
/* End XCConfigurationList section */
	};
	rootObject = 6DE24E4D2168D16A00FA85C1 /* Project object */;
}
